// !$*UTF8*$!
{
	archiveVersion = 1;
	classes = {
	};
	objectVersion = 50;
	objects = {

/* Begin PBXBuildFile section */
		4E23276C241251120029A94A /* VideoDetailsViewController.swift in Sources */ = {isa = PBXBuildFile; fileRef = 4E23276B241251120029A94A /* VideoDetailsViewController.swift */; };
		4E23276E241252930029A94A /* MetaDataTableViewCell.swift in Sources */ = {isa = PBXBuildFile; fileRef = 4E23276D241252930029A94A /* MetaDataTableViewCell.swift */; };
		4E38EB82240E9F1600D8A15A /* FilterCollectionViewCell.xib in Resources */ = {isa = PBXBuildFile; fileRef = 4E38EB81240E9F1600D8A15A /* FilterCollectionViewCell.xib */; };
		4E38EB84240E9F2800D8A15A /* FilterCollectionViewCell.swift in Sources */ = {isa = PBXBuildFile; fileRef = 4E38EB83240E9F2800D8A15A /* FilterCollectionViewCell.swift */; };
		4E38EB86240E9F3100D8A15A /* FiilterViewController.swift in Sources */ = {isa = PBXBuildFile; fileRef = 4E38EB85240E9F3100D8A15A /* FiilterViewController.swift */; };
		4E38EB88240E9F3700D8A15A /* FilterVideoViewController.swift in Sources */ = {isa = PBXBuildFile; fileRef = 4E38EB87240E9F3700D8A15A /* FilterVideoViewController.swift */; };
		4E38EB8A240E9F3F00D8A15A /* FilterVideoViewController.xib in Resources */ = {isa = PBXBuildFile; fileRef = 4E38EB89240E9F3F00D8A15A /* FilterVideoViewController.xib */; };
		4E475CE9240D14420008DFF8 /* AppDelegate.swift in Sources */ = {isa = PBXBuildFile; fileRef = 4E475CE8240D14420008DFF8 /* AppDelegate.swift */; };
		4E475CEB240D14420008DFF8 /* SceneDelegate.swift in Sources */ = {isa = PBXBuildFile; fileRef = 4E475CEA240D14420008DFF8 /* SceneDelegate.swift */; };
		4E475CF0240D14420008DFF8 /* Main.storyboard in Resources */ = {isa = PBXBuildFile; fileRef = 4E475CEE240D14420008DFF8 /* Main.storyboard */; };
		4E475CF2240D14470008DFF8 /* Assets.xcassets in Resources */ = {isa = PBXBuildFile; fileRef = 4E475CF1240D14470008DFF8 /* Assets.xcassets */; };
		4E475CF5240D14470008DFF8 /* LaunchScreen.storyboard in Resources */ = {isa = PBXBuildFile; fileRef = 4E475CF3240D14470008DFF8 /* LaunchScreen.storyboard */; };
		4E475D00240D14470008DFF8 /* Filter_VideoTests.swift in Sources */ = {isa = PBXBuildFile; fileRef = 4E475CFF240D14470008DFF8 /* Filter_VideoTests.swift */; };
		4E475D0B240D14470008DFF8 /* Filter_VideoUITests.swift in Sources */ = {isa = PBXBuildFile; fileRef = 4E475D0A240D14470008DFF8 /* Filter_VideoUITests.swift */; };
		4E696E84240E61E10090B29C /* UploadFileViewController.swift in Sources */ = {isa = PBXBuildFile; fileRef = 4E696E83240E61E10090B29C /* UploadFileViewController.swift */; };
		4E696E87240E6BA10090B29C /* Utilities.swift in Sources */ = {isa = PBXBuildFile; fileRef = 4E696E86240E6BA10090B29C /* Utilities.swift */; };
		4E72E89B240FA01B0060FD13 /* VideoLogsViewController.swift in Sources */ = {isa = PBXBuildFile; fileRef = 4E72E89A240FA01B0060FD13 /* VideoLogsViewController.swift */; };
		4E72E89D240FA17E0060FD13 /* VideoLogsTableViewCell.swift in Sources */ = {isa = PBXBuildFile; fileRef = 4E72E89C240FA17E0060FD13 /* VideoLogsTableViewCell.swift */; };
		4EF92F4A241513600012E282 /* videoList.xcdatamodeld in Sources */ = {isa = PBXBuildFile; fileRef = 4EF92F48241513600012E282 /* videoList.xcdatamodeld */; };
/* End PBXBuildFile section */

/* Begin PBXContainerItemProxy section */
		4E475CFC240D14470008DFF8 /* PBXContainerItemProxy */ = {
			isa = PBXContainerItemProxy;
			containerPortal = 4E475CDD240D14420008DFF8 /* Project object */;
			proxyType = 1;
			remoteGlobalIDString = 4E475CE4240D14420008DFF8;
			remoteInfo = "Filter-Video";
		};
		4E475D07240D14470008DFF8 /* PBXContainerItemProxy */ = {
			isa = PBXContainerItemProxy;
			containerPortal = 4E475CDD240D14420008DFF8 /* Project object */;
			proxyType = 1;
			remoteGlobalIDString = 4E475CE4240D14420008DFF8;
			remoteInfo = "Filter-Video";
		};
/* End PBXContainerItemProxy section */

/* Begin PBXFileReference section */
		4E23276B241251120029A94A /* VideoDetailsViewController.swift */ = {isa = PBXFileReference; lastKnownFileType = sourcecode.swift; path = VideoDetailsViewController.swift; sourceTree = "<group>"; };
		4E23276D241252930029A94A /* MetaDataTableViewCell.swift */ = {isa = PBXFileReference; lastKnownFileType = sourcecode.swift; path = MetaDataTableViewCell.swift; sourceTree = "<group>"; };
		4E38EB81240E9F1600D8A15A /* FilterCollectionViewCell.xib */ = {isa = PBXFileReference; fileEncoding = 4; lastKnownFileType = file.xib; path = FilterCollectionViewCell.xib; sourceTree = "<group>"; };
		4E38EB83240E9F2800D8A15A /* FilterCollectionViewCell.swift */ = {isa = PBXFileReference; fileEncoding = 4; lastKnownFileType = sourcecode.swift; path = FilterCollectionViewCell.swift; sourceTree = "<group>"; };
		4E38EB85240E9F3100D8A15A /* FiilterViewController.swift */ = {isa = PBXFileReference; fileEncoding = 4; lastKnownFileType = sourcecode.swift; path = FiilterViewController.swift; sourceTree = "<group>"; };
		4E38EB87240E9F3700D8A15A /* FilterVideoViewController.swift */ = {isa = PBXFileReference; fileEncoding = 4; lastKnownFileType = sourcecode.swift; path = FilterVideoViewController.swift; sourceTree = "<group>"; };
		4E38EB89240E9F3F00D8A15A /* FilterVideoViewController.xib */ = {isa = PBXFileReference; fileEncoding = 4; lastKnownFileType = file.xib; path = FilterVideoViewController.xib; sourceTree = "<group>"; };
		4E475CE5240D14420008DFF8 /* Filter-Video.app */ = {isa = PBXFileReference; explicitFileType = wrapper.application; includeInIndex = 0; path = "Filter-Video.app"; sourceTree = BUILT_PRODUCTS_DIR; };
		4E475CE8240D14420008DFF8 /* AppDelegate.swift */ = {isa = PBXFileReference; lastKnownFileType = sourcecode.swift; path = AppDelegate.swift; sourceTree = "<group>"; };
		4E475CEA240D14420008DFF8 /* SceneDelegate.swift */ = {isa = PBXFileReference; lastKnownFileType = sourcecode.swift; path = SceneDelegate.swift; sourceTree = "<group>"; };
		4E475CEF240D14420008DFF8 /* Base */ = {isa = PBXFileReference; lastKnownFileType = file.storyboard; name = Base; path = Base.lproj/Main.storyboard; sourceTree = "<group>"; };
		4E475CF1240D14470008DFF8 /* Assets.xcassets */ = {isa = PBXFileReference; lastKnownFileType = folder.assetcatalog; path = Assets.xcassets; sourceTree = "<group>"; };
		4E475CF4240D14470008DFF8 /* Base */ = {isa = PBXFileReference; lastKnownFileType = file.storyboard; name = Base; path = Base.lproj/LaunchScreen.storyboard; sourceTree = "<group>"; };
		4E475CF6240D14470008DFF8 /* Info.plist */ = {isa = PBXFileReference; lastKnownFileType = text.plist.xml; path = Info.plist; sourceTree = "<group>"; };
		4E475CFB240D14470008DFF8 /* Filter-VideoTests.xctest */ = {isa = PBXFileReference; explicitFileType = wrapper.cfbundle; includeInIndex = 0; path = "Filter-VideoTests.xctest"; sourceTree = BUILT_PRODUCTS_DIR; };
		4E475CFF240D14470008DFF8 /* Filter_VideoTests.swift */ = {isa = PBXFileReference; lastKnownFileType = sourcecode.swift; path = Filter_VideoTests.swift; sourceTree = "<group>"; };
		4E475D01240D14470008DFF8 /* Info.plist */ = {isa = PBXFileReference; lastKnownFileType = text.plist.xml; path = Info.plist; sourceTree = "<group>"; };
		4E475D06240D14470008DFF8 /* Filter-VideoUITests.xctest */ = {isa = PBXFileReference; explicitFileType = wrapper.cfbundle; includeInIndex = 0; path = "Filter-VideoUITests.xctest"; sourceTree = BUILT_PRODUCTS_DIR; };
		4E475D0A240D14470008DFF8 /* Filter_VideoUITests.swift */ = {isa = PBXFileReference; lastKnownFileType = sourcecode.swift; path = Filter_VideoUITests.swift; sourceTree = "<group>"; };
		4E475D0C240D14470008DFF8 /* Info.plist */ = {isa = PBXFileReference; lastKnownFileType = text.plist.xml; path = Info.plist; sourceTree = "<group>"; };
		4E696E83240E61E10090B29C /* UploadFileViewController.swift */ = {isa = PBXFileReference; lastKnownFileType = sourcecode.swift; path = UploadFileViewController.swift; sourceTree = "<group>"; };
		4E696E86240E6BA10090B29C /* Utilities.swift */ = {isa = PBXFileReference; lastKnownFileType = sourcecode.swift; path = Utilities.swift; sourceTree = "<group>"; };
		4E72E89A240FA01B0060FD13 /* VideoLogsViewController.swift */ = {isa = PBXFileReference; lastKnownFileType = sourcecode.swift; path = VideoLogsViewController.swift; sourceTree = "<group>"; };
		4E72E89C240FA17E0060FD13 /* VideoLogsTableViewCell.swift */ = {isa = PBXFileReference; lastKnownFileType = sourcecode.swift; path = VideoLogsTableViewCell.swift; sourceTree = "<group>"; };
		4EF92F49241513600012E282 /* videoList.xcdatamodel */ = {isa = PBXFileReference; lastKnownFileType = wrapper.xcdatamodel; path = videoList.xcdatamodel; sourceTree = "<group>"; };
/* End PBXFileReference section */

/* Begin PBXFrameworksBuildPhase section */
		4E475CE2240D14420008DFF8 /* Frameworks */ = {
			isa = PBXFrameworksBuildPhase;
			buildActionMask = 2147483647;
			files = (
			);
			runOnlyForDeploymentPostprocessing = 0;
		};
		4E475CF8240D14470008DFF8 /* Frameworks */ = {
			isa = PBXFrameworksBuildPhase;
			buildActionMask = 2147483647;
			files = (
			);
			runOnlyForDeploymentPostprocessing = 0;
		};
		4E475D03240D14470008DFF8 /* Frameworks */ = {
			isa = PBXFrameworksBuildPhase;
			buildActionMask = 2147483647;
			files = (
			);
			runOnlyForDeploymentPostprocessing = 0;
		};
/* End PBXFrameworksBuildPhase section */

/* Begin PBXGroup section */
		4E23276A24124FF60029A94A /* videoDetails */ = {
			isa = PBXGroup;
			children = (
				4E23276B241251120029A94A /* VideoDetailsViewController.swift */,
				4E23276D241252930029A94A /* MetaDataTableViewCell.swift */,
			);
			path = videoDetails;
			sourceTree = "<group>";
		};
		4E475CDC240D14420008DFF8 = {
			isa = PBXGroup;
			children = (
				4E475CE7240D14420008DFF8 /* Filter-Video */,
				4E475CFE240D14470008DFF8 /* Filter-VideoTests */,
				4E475D09240D14470008DFF8 /* Filter-VideoUITests */,
				4E475CE6240D14420008DFF8 /* Products */,
			);
			sourceTree = "<group>";
		};
		4E475CE6240D14420008DFF8 /* Products */ = {
			isa = PBXGroup;
			children = (
				4E475CE5240D14420008DFF8 /* Filter-Video.app */,
				4E475CFB240D14470008DFF8 /* Filter-VideoTests.xctest */,
				4E475D06240D14470008DFF8 /* Filter-VideoUITests.xctest */,
			);
			name = Products;
			sourceTree = "<group>";
		};
		4E475CE7240D14420008DFF8 /* Filter-Video */ = {
			isa = PBXGroup;
			children = (
				4E23276A24124FF60029A94A /* videoDetails */,
				4E72E899240F9FE30060FD13 /* videoLogs */,
				4E696E88240E6D900090B29C /* filterVideo */,
				4E696E85240E6B8B0090B29C /* utility  */,
				4E696E82240E61C70090B29C /* uploadFile */,
				4E475CE8240D14420008DFF8 /* AppDelegate.swift */,
				4E475CEA240D14420008DFF8 /* SceneDelegate.swift */,
				4E475CEE240D14420008DFF8 /* Main.storyboard */,
				4E475CF1240D14470008DFF8 /* Assets.xcassets */,
				4E475CF3240D14470008DFF8 /* LaunchScreen.storyboard */,
				4E475CF6240D14470008DFF8 /* Info.plist */,
				4EF92F48241513600012E282 /* videoList.xcdatamodeld */,
			);
			path = "Filter-Video";
			sourceTree = "<group>";
		};
		4E475CFE240D14470008DFF8 /* Filter-VideoTests */ = {
			isa = PBXGroup;
			children = (
				4E475CFF240D14470008DFF8 /* Filter_VideoTests.swift */,
				4E475D01240D14470008DFF8 /* Info.plist */,
			);
			path = "Filter-VideoTests";
			sourceTree = "<group>";
		};
		4E475D09240D14470008DFF8 /* Filter-VideoUITests */ = {
			isa = PBXGroup;
			children = (
				4E475D0A240D14470008DFF8 /* Filter_VideoUITests.swift */,
				4E475D0C240D14470008DFF8 /* Info.plist */,
			);
			path = "Filter-VideoUITests";
			sourceTree = "<group>";
		};
		4E696E82240E61C70090B29C /* uploadFile */ = {
			isa = PBXGroup;
			children = (
				4E696E83240E61E10090B29C /* UploadFileViewController.swift */,
			);
			path = uploadFile;
			sourceTree = "<group>";
		};
		4E696E85240E6B8B0090B29C /* utility  */ = {
			isa = PBXGroup;
			children = (
				4E696E86240E6BA10090B29C /* Utilities.swift */,
			);
			path = "utility ";
			sourceTree = "<group>";
		};
		4E696E88240E6D900090B29C /* filterVideo */ = {
			isa = PBXGroup;
			children = (
				4E38EB89240E9F3F00D8A15A /* FilterVideoViewController.xib */,
				4E38EB87240E9F3700D8A15A /* FilterVideoViewController.swift */,
				4E38EB85240E9F3100D8A15A /* FiilterViewController.swift */,
				4E38EB83240E9F2800D8A15A /* FilterCollectionViewCell.swift */,
				4E38EB81240E9F1600D8A15A /* FilterCollectionViewCell.xib */,
			);
			path = filterVideo;
			sourceTree = "<group>";
		};
		4E72E899240F9FE30060FD13 /* videoLogs */ = {
			isa = PBXGroup;
			children = (
				4E72E89A240FA01B0060FD13 /* VideoLogsViewController.swift */,
				4E72E89C240FA17E0060FD13 /* VideoLogsTableViewCell.swift */,
			);
			path = videoLogs;
			sourceTree = "<group>";
		};
/* End PBXGroup section */

/* Begin PBXNativeTarget section */
		4E475CE4240D14420008DFF8 /* Filter-Video */ = {
			isa = PBXNativeTarget;
			buildConfigurationList = 4E475D0F240D14470008DFF8 /* Build configuration list for PBXNativeTarget "Filter-Video" */;
			buildPhases = (
				4E475CE1240D14420008DFF8 /* Sources */,
				4E475CE2240D14420008DFF8 /* Frameworks */,
				4E475CE3240D14420008DFF8 /* Resources */,
			);
			buildRules = (
			);
			dependencies = (
			);
			name = "Filter-Video";
			productName = "Filter-Video";
			productReference = 4E475CE5240D14420008DFF8 /* Filter-Video.app */;
			productType = "com.apple.product-type.application";
		};
		4E475CFA240D14470008DFF8 /* Filter-VideoTests */ = {
			isa = PBXNativeTarget;
			buildConfigurationList = 4E475D12240D14470008DFF8 /* Build configuration list for PBXNativeTarget "Filter-VideoTests" */;
			buildPhases = (
				4E475CF7240D14470008DFF8 /* Sources */,
				4E475CF8240D14470008DFF8 /* Frameworks */,
				4E475CF9240D14470008DFF8 /* Resources */,
			);
			buildRules = (
			);
			dependencies = (
				4E475CFD240D14470008DFF8 /* PBXTargetDependency */,
			);
			name = "Filter-VideoTests";
			productName = "Filter-VideoTests";
			productReference = 4E475CFB240D14470008DFF8 /* Filter-VideoTests.xctest */;
			productType = "com.apple.product-type.bundle.unit-test";
		};
		4E475D05240D14470008DFF8 /* Filter-VideoUITests */ = {
			isa = PBXNativeTarget;
			buildConfigurationList = 4E475D15240D14470008DFF8 /* Build configuration list for PBXNativeTarget "Filter-VideoUITests" */;
			buildPhases = (
				4E475D02240D14470008DFF8 /* Sources */,
				4E475D03240D14470008DFF8 /* Frameworks */,
				4E475D04240D14470008DFF8 /* Resources */,
			);
			buildRules = (
			);
			dependencies = (
				4E475D08240D14470008DFF8 /* PBXTargetDependency */,
			);
			name = "Filter-VideoUITests";
			productName = "Filter-VideoUITests";
			productReference = 4E475D06240D14470008DFF8 /* Filter-VideoUITests.xctest */;
			productType = "com.apple.product-type.bundle.ui-testing";
		};
/* End PBXNativeTarget section */

/* Begin PBXProject section */
		4E475CDD240D14420008DFF8 /* Project object */ = {
			isa = PBXProject;
			attributes = {
				LastSwiftUpdateCheck = 1130;
				LastUpgradeCheck = 1130;
				ORGANIZATIONNAME = NoelObaseki;
				TargetAttributes = {
					4E475CE4240D14420008DFF8 = {
						CreatedOnToolsVersion = 11.3;
					};
					4E475CFA240D14470008DFF8 = {
						CreatedOnToolsVersion = 11.3;
						TestTargetID = 4E475CE4240D14420008DFF8;
					};
					4E475D05240D14470008DFF8 = {
						CreatedOnToolsVersion = 11.3;
						TestTargetID = 4E475CE4240D14420008DFF8;
					};
				};
			};
			buildConfigurationList = 4E475CE0240D14420008DFF8 /* Build configuration list for PBXProject "Filter-Video" */;
			compatibilityVersion = "Xcode 9.3";
			developmentRegion = en;
			hasScannedForEncodings = 0;
			knownRegions = (
				en,
				Base,
			);
			mainGroup = 4E475CDC240D14420008DFF8;
			productRefGroup = 4E475CE6240D14420008DFF8 /* Products */;
			projectDirPath = "";
			projectRoot = "";
			targets = (
				4E475CE4240D14420008DFF8 /* Filter-Video */,
				4E475CFA240D14470008DFF8 /* Filter-VideoTests */,
				4E475D05240D14470008DFF8 /* Filter-VideoUITests */,
			);
		};
/* End PBXProject section */

/* Begin PBXResourcesBuildPhase section */
		4E475CE3240D14420008DFF8 /* Resources */ = {
			isa = PBXResourcesBuildPhase;
			buildActionMask = 2147483647;
			files = (
				4E475CF5240D14470008DFF8 /* LaunchScreen.storyboard in Resources */,
				4E475CF2240D14470008DFF8 /* Assets.xcassets in Resources */,
				4E38EB8A240E9F3F00D8A15A /* FilterVideoViewController.xib in Resources */,
				4E38EB82240E9F1600D8A15A /* FilterCollectionViewCell.xib in Resources */,
				4E475CF0240D14420008DFF8 /* Main.storyboard in Resources */,
			);
			runOnlyForDeploymentPostprocessing = 0;
		};
		4E475CF9240D14470008DFF8 /* Resources */ = {
			isa = PBXResourcesBuildPhase;
			buildActionMask = 2147483647;
			files = (
			);
			runOnlyForDeploymentPostprocessing = 0;
		};
		4E475D04240D14470008DFF8 /* Resources */ = {
			isa = PBXResourcesBuildPhase;
			buildActionMask = 2147483647;
			files = (
			);
			runOnlyForDeploymentPostprocessing = 0;
		};
/* End PBXResourcesBuildPhase section */

/* Begin PBXSourcesBuildPhase section */
		4E475CE1240D14420008DFF8 /* Sources */ = {
			isa = PBXSourcesBuildPhase;
			buildActionMask = 2147483647;
			files = (
				4E38EB86240E9F3100D8A15A /* FiilterViewController.swift in Sources */,
				4E696E84240E61E10090B29C /* UploadFileViewController.swift in Sources */,
				4E72E89D240FA17E0060FD13 /* VideoLogsTableViewCell.swift in Sources */,
				4E475CE9240D14420008DFF8 /* AppDelegate.swift in Sources */,
				4E72E89B240FA01B0060FD13 /* VideoLogsViewController.swift in Sources */,
				4EF92F4A241513600012E282 /* videoList.xcdatamodeld in Sources */,
				4E696E87240E6BA10090B29C /* Utilities.swift in Sources */,
				4E23276C241251120029A94A /* VideoDetailsViewController.swift in Sources */,
				4E38EB84240E9F2800D8A15A /* FilterCollectionViewCell.swift in Sources */,
				4E38EB88240E9F3700D8A15A /* FilterVideoViewController.swift in Sources */,
				4E475CEB240D14420008DFF8 /* SceneDelegate.swift in Sources */,
				4E23276E241252930029A94A /* MetaDataTableViewCell.swift in Sources */,
			);
			runOnlyForDeploymentPostprocessing = 0;
		};
		4E475CF7240D14470008DFF8 /* Sources */ = {
			isa = PBXSourcesBuildPhase;
			buildActionMask = 2147483647;
			files = (
				4E475D00240D14470008DFF8 /* Filter_VideoTests.swift in Sources */,
			);
			runOnlyForDeploymentPostprocessing = 0;
		};
		4E475D02240D14470008DFF8 /* Sources */ = {
			isa = PBXSourcesBuildPhase;
			buildActionMask = 2147483647;
			files = (
				4E475D0B240D14470008DFF8 /* Filter_VideoUITests.swift in Sources */,
			);
			runOnlyForDeploymentPostprocessing = 0;
		};
/* End PBXSourcesBuildPhase section */

/* Begin PBXTargetDependency section */
		4E475CFD240D14470008DFF8 /* PBXTargetDependency */ = {
			isa = PBXTargetDependency;
			target = 4E475CE4240D14420008DFF8 /* Filter-Video */;
			targetProxy = 4E475CFC240D14470008DFF8 /* PBXContainerItemProxy */;
		};
		4E475D08240D14470008DFF8 /* PBXTargetDependency */ = {
			isa = PBXTargetDependency;
			target = 4E475CE4240D14420008DFF8 /* Filter-Video */;
			targetProxy = 4E475D07240D14470008DFF8 /* PBXContainerItemProxy */;
		};
/* End PBXTargetDependency section */

/* Begin PBXVariantGroup section */
		4E475CEE240D14420008DFF8 /* Main.storyboard */ = {
			isa = PBXVariantGroup;
			children = (
				4E475CEF240D14420008DFF8 /* Base */,
			);
			name = Main.storyboard;
			sourceTree = "<group>";
		};
		4E475CF3240D14470008DFF8 /* LaunchScreen.storyboard */ = {
			isa = PBXVariantGroup;
			children = (
				4E475CF4240D14470008DFF8 /* Base */,
			);
			name = LaunchScreen.storyboard;
			sourceTree = "<group>";
		};
/* End PBXVariantGroup section */

/* Begin XCBuildConfiguration section */
		4E475D0D240D14470008DFF8 /* Debug */ = {
			isa = XCBuildConfiguration;
			buildSettings = {
				ALWAYS_SEARCH_USER_PATHS = NO;
				CLANG_ANALYZER_NONNULL = YES;
				CLANG_ANALYZER_NUMBER_OBJECT_CONVERSION = YES_AGGRESSIVE;
				CLANG_CXX_LANGUAGE_STANDARD = "gnu++14";
				CLANG_CXX_LIBRARY = "libc++";
				CLANG_ENABLE_MODULES = YES;
				CLANG_ENABLE_OBJC_ARC = YES;
				CLANG_ENABLE_OBJC_WEAK = YES;
				CLANG_WARN_BLOCK_CAPTURE_AUTORELEASING = YES;
				CLANG_WARN_BOOL_CONVERSION = YES;
				CLANG_WARN_COMMA = YES;
				CLANG_WARN_CONSTANT_CONVERSION = YES;
				CLANG_WARN_DEPRECATED_OBJC_IMPLEMENTATIONS = YES;
				CLANG_WARN_DIRECT_OBJC_ISA_USAGE = YES_ERROR;
				CLANG_WARN_DOCUMENTATION_COMMENTS = YES;
				CLANG_WARN_EMPTY_BODY = YES;
				CLANG_WARN_ENUM_CONVERSION = YES;
				CLANG_WARN_INFINITE_RECURSION = YES;
				CLANG_WARN_INT_CONVERSION = YES;
				CLANG_WARN_NON_LITERAL_NULL_CONVERSION = YES;
				CLANG_WARN_OBJC_IMPLICIT_RETAIN_SELF = YES;
				CLANG_WARN_OBJC_LITERAL_CONVERSION = YES;
				CLANG_WARN_OBJC_ROOT_CLASS = YES_ERROR;
				CLANG_WARN_RANGE_LOOP_ANALYSIS = YES;
				CLANG_WARN_STRICT_PROTOTYPES = YES;
				CLANG_WARN_SUSPICIOUS_MOVE = YES;
				CLANG_WARN_UNGUARDED_AVAILABILITY = YES_AGGRESSIVE;
				CLANG_WARN_UNREACHABLE_CODE = YES;
				CLANG_WARN__DUPLICATE_METHOD_MATCH = YES;
				COPY_PHASE_STRIP = NO;
				DEBUG_INFORMATION_FORMAT = dwarf;
				ENABLE_STRICT_OBJC_MSGSEND = YES;
				ENABLE_TESTABILITY = YES;
				GCC_C_LANGUAGE_STANDARD = gnu11;
				GCC_DYNAMIC_NO_PIC = NO;
				GCC_NO_COMMON_BLOCKS = YES;
				GCC_OPTIMIZATION_LEVEL = 0;
				GCC_PREPROCESSOR_DEFINITIONS = (
					"DEBUG=1",
					"$(inherited)",
				);
				GCC_WARN_64_TO_32_BIT_CONVERSION = YES;
				GCC_WARN_ABOUT_RETURN_TYPE = YES_ERROR;
				GCC_WARN_UNDECLARED_SELECTOR = YES;
				GCC_WARN_UNINITIALIZED_AUTOS = YES_AGGRESSIVE;
				GCC_WARN_UNUSED_FUNCTION = YES;
				GCC_WARN_UNUSED_VARIABLE = YES;
				IPHONEOS_DEPLOYMENT_TARGET = 13.2;
				MTL_ENABLE_DEBUG_INFO = INCLUDE_SOURCE;
				MTL_FAST_MATH = YES;
				ONLY_ACTIVE_ARCH = YES;
				SDKROOT = iphoneos;
				SWIFT_ACTIVE_COMPILATION_CONDITIONS = DEBUG;
				SWIFT_OPTIMIZATION_LEVEL = "-Onone";
			};
			name = Debug;
		};
		4E475D0E240D14470008DFF8 /* Release */ = {
			isa = XCBuildConfiguration;
			buildSettings = {
				ALWAYS_SEARCH_USER_PATHS = NO;
				CLANG_ANALYZER_NONNULL = YES;
				CLANG_ANALYZER_NUMBER_OBJECT_CONVERSION = YES_AGGRESSIVE;
				CLANG_CXX_LANGUAGE_STANDARD = "gnu++14";
				CLANG_CXX_LIBRARY = "libc++";
				CLANG_ENABLE_MODULES = YES;
				CLANG_ENABLE_OBJC_ARC = YES;
				CLANG_ENABLE_OBJC_WEAK = YES;
				CLANG_WARN_BLOCK_CAPTURE_AUTORELEASING = YES;
				CLANG_WARN_BOOL_CONVERSION = YES;
				CLANG_WARN_COMMA = YES;
				CLANG_WARN_CONSTANT_CONVERSION = YES;
				CLANG_WARN_DEPRECATED_OBJC_IMPLEMENTATIONS = YES;
				CLANG_WARN_DIRECT_OBJC_ISA_USAGE = YES_ERROR;
				CLANG_WARN_DOCUMENTATION_COMMENTS = YES;
				CLANG_WARN_EMPTY_BODY = YES;
				CLANG_WARN_ENUM_CONVERSION = YES;
				CLANG_WARN_INFINITE_RECURSION = YES;
				CLANG_WARN_INT_CONVERSION = YES;
				CLANG_WARN_NON_LITERAL_NULL_CONVERSION = YES;
				CLANG_WARN_OBJC_IMPLICIT_RETAIN_SELF = YES;
				CLANG_WARN_OBJC_LITERAL_CONVERSION = YES;
				CLANG_WARN_OBJC_ROOT_CLASS = YES_ERROR;
				CLANG_WARN_RANGE_LOOP_ANALYSIS = YES;
				CLANG_WARN_STRICT_PROTOTYPES = YES;
				CLANG_WARN_SUSPICIOUS_MOVE = YES;
				CLANG_WARN_UNGUARDED_AVAILABILITY = YES_AGGRESSIVE;
				CLANG_WARN_UNREACHABLE_CODE = YES;
				CLANG_WARN__DUPLICATE_METHOD_MATCH = YES;
				COPY_PHASE_STRIP = NO;
				DEBUG_INFORMATION_FORMAT = "dwarf-with-dsym";
				ENABLE_NS_ASSERTIONS = NO;
				ENABLE_STRICT_OBJC_MSGSEND = YES;
				GCC_C_LANGUAGE_STANDARD = gnu11;
				GCC_NO_COMMON_BLOCKS = YES;
				GCC_WARN_64_TO_32_BIT_CONVERSION = YES;
				GCC_WARN_ABOUT_RETURN_TYPE = YES_ERROR;
				GCC_WARN_UNDECLARED_SELECTOR = YES;
				GCC_WARN_UNINITIALIZED_AUTOS = YES_AGGRESSIVE;
				GCC_WARN_UNUSED_FUNCTION = YES;
				GCC_WARN_UNUSED_VARIABLE = YES;
				IPHONEOS_DEPLOYMENT_TARGET = 13.2;
				MTL_ENABLE_DEBUG_INFO = NO;
				MTL_FAST_MATH = YES;
				SDKROOT = iphoneos;
				SWIFT_COMPILATION_MODE = wholemodule;
				SWIFT_OPTIMIZATION_LEVEL = "-O";
				VALIDATE_PRODUCT = YES;
			};
			name = Release;
		};
		4E475D10240D14470008DFF8 /* Debug */ = {
			isa = XCBuildConfiguration;
			buildSettings = {
				ASSETCATALOG_COMPILER_APPICON_NAME = AppIcon;
				CODE_SIGN_STYLE = Automatic;
				DEVELOPMENT_TEAM = V7FHXQ47S9;
				INFOPLIST_FILE = "Filter-Video/Info.plist";
				LD_RUNPATH_SEARCH_PATHS = (
					"$(inherited)",
					"@executable_path/Frameworks",
				);
				PRODUCT_BUNDLE_IDENTIFIER = "ng.com.Odin.Filter-Video";
				PRODUCT_NAME = "$(TARGET_NAME)";
				SWIFT_VERSION = 5.0;
				TARGETED_DEVICE_FAMILY = "1,2";
			};
			name = Debug;
		};
		4E475D11240D14470008DFF8 /* Release */ = {
			isa = XCBuildConfiguration;
			buildSettings = {
				ASSETCATALOG_COMPILER_APPICON_NAME = AppIcon;
				CODE_SIGN_STYLE = Automatic;
				DEVELOPMENT_TEAM = V7FHXQ47S9;
				INFOPLIST_FILE = "Filter-Video/Info.plist";
				LD_RUNPATH_SEARCH_PATHS = (
					"$(inherited)",
					"@executable_path/Frameworks",
				);
				PRODUCT_BUNDLE_IDENTIFIER = "ng.com.Odin.Filter-Video";
				PRODUCT_NAME = "$(TARGET_NAME)";
				SWIFT_VERSION = 5.0;
				TARGETED_DEVICE_FAMILY = "1,2";
			};
			name = Release;
		};
		4E475D13240D14470008DFF8 /* Debug */ = {
			isa = XCBuildConfiguration;
			buildSettings = {
				ALWAYS_EMBED_SWIFT_STANDARD_LIBRARIES = YES;
				BUNDLE_LOADER = "$(TEST_HOST)";
				CODE_SIGN_STYLE = Automatic;
				DEVELOPMENT_TEAM = V7FHXQ47S9;
				INFOPLIST_FILE = "Filter-VideoTests/Info.plist";
				IPHONEOS_DEPLOYMENT_TARGET = 13.2;
				LD_RUNPATH_SEARCH_PATHS = (
					"$(inherited)",
					"@executable_path/Frameworks",
					"@loader_path/Frameworks",
				);
				PRODUCT_BUNDLE_IDENTIFIER = "ng.com.Odin.Filter-VideoTests";
				PRODUCT_NAME = "$(TARGET_NAME)";
				SWIFT_VERSION = 5.0;
				TARGETED_DEVICE_FAMILY = "1,2";
				TEST_HOST = "$(BUILT_PRODUCTS_DIR)/Filter-Video.app/Filter-Video";
			};
			name = Debug;
		};
		4E475D14240D14470008DFF8 /* Release */ = {
			isa = XCBuildConfiguration;
			buildSettings = {
				ALWAYS_EMBED_SWIFT_STANDARD_LIBRARIES = YES;
				BUNDLE_LOADER = "$(TEST_HOST)";
				CODE_SIGN_STYLE = Automatic;
				DEVELOPMENT_TEAM = V7FHXQ47S9;
				INFOPLIST_FILE = "Filter-VideoTests/Info.plist";
				IPHONEOS_DEPLOYMENT_TARGET = 13.2;
				LD_RUNPATH_SEARCH_PATHS = (
					"$(inherited)",
					"@executable_path/Frameworks",
					"@loader_path/Frameworks",
				);
				PRODUCT_BUNDLE_IDENTIFIER = "ng.com.Odin.Filter-VideoTests";
				PRODUCT_NAME = "$(TARGET_NAME)";
				SWIFT_VERSION = 5.0;
				TARGETED_DEVICE_FAMILY = "1,2";
				TEST_HOST = "$(BUILT_PRODUCTS_DIR)/Filter-Video.app/Filter-Video";
			};
			name = Release;
		};
		4E475D16240D14470008DFF8 /* Debug */ = {
			isa = XCBuildConfiguration;
			buildSettings = {
				ALWAYS_EMBED_SWIFT_STANDARD_LIBRARIES = YES;
				CODE_SIGN_STYLE = Automatic;
				DEVELOPMENT_TEAM = V7FHXQ47S9;
				INFOPLIST_FILE = "Filter-VideoUITests/Info.plist";
				LD_RUNPATH_SEARCH_PATHS = (
					"$(inherited)",
					"@executable_path/Frameworks",
					"@loader_path/Frameworks",
				);
				PRODUCT_BUNDLE_IDENTIFIER = "ng.com.Odin.Filter-VideoUITests";
				PRODUCT_NAME = "$(TARGET_NAME)";
				SWIFT_VERSION = 5.0;
				TARGETED_DEVICE_FAMILY = "1,2";
				TEST_TARGET_NAME = "Filter-Video";
			};
			name = Debug;
		};
		4E475D17240D14470008DFF8 /* Release */ = {
			isa = XCBuildConfiguration;
			buildSettings = {
				ALWAYS_EMBED_SWIFT_STANDARD_LIBRARIES = YES;
				CODE_SIGN_STYLE = Automatic;
				DEVELOPMENT_TEAM = V7FHXQ47S9;
				INFOPLIST_FILE = "Filter-VideoUITests/Info.plist";
				LD_RUNPATH_SEARCH_PATHS = (
					"$(inherited)",
					"@executable_path/Frameworks",
					"@loader_path/Frameworks",
				);
				PRODUCT_BUNDLE_IDENTIFIER = "ng.com.Odin.Filter-VideoUITests";
				PRODUCT_NAME = "$(TARGET_NAME)";
				SWIFT_VERSION = 5.0;
				TARGETED_DEVICE_FAMILY = "1,2";
				TEST_TARGET_NAME = "Filter-Video";
			};
			name = Release;
		};
/* End XCBuildConfiguration section */

/* Begin XCConfigurationList section */
		4E475CE0240D14420008DFF8 /* Build configuration list for PBXProject "Filter-Video" */ = {
			isa = XCConfigurationList;
			buildConfigurations = (
				4E475D0D240D14470008DFF8 /* Debug */,
				4E475D0E240D14470008DFF8 /* Release */,
			);
			defaultConfigurationIsVisible = 0;
			defaultConfigurationName = Release;
		};
		4E475D0F240D14470008DFF8 /* Build configuration list for PBXNativeTarget "Filter-Video" */ = {
			isa = XCConfigurationList;
			buildConfigurations = (
				4E475D10240D14470008DFF8 /* Debug */,
				4E475D11240D14470008DFF8 /* Release */,
			);
			defaultConfigurationIsVisible = 0;
			defaultConfigurationName = Release;
		};
		4E475D12240D14470008DFF8 /* Build configuration list for PBXNativeTarget "Filter-VideoTests" */ = {
			isa = XCConfigurationList;
			buildConfigurations = (
				4E475D13240D14470008DFF8 /* Debug */,
				4E475D14240D14470008DFF8 /* Release */,
			);
			defaultConfigurationIsVisible = 0;
			defaultConfigurationName = Release;
		};
		4E475D15240D14470008DFF8 /* Build configuration list for PBXNativeTarget "Filter-VideoUITests" */ = {
			isa = XCConfigurationList;
			buildConfigurations = (
				4E475D16240D14470008DFF8 /* Debug */,
				4E475D17240D14470008DFF8 /* Release */,
			);
			defaultConfigurationIsVisible = 0;
			defaultConfigurationName = Release;
		};
/* End XCConfigurationList section */

/* Begin XCVersionGroup section */
		4EF92F48241513600012E282 /* videoList.xcdatamodeld */ = {
			isa = XCVersionGroup;
			children = (
				4EF92F49241513600012E282 /* videoList.xcdatamodel */,
			);
			currentVersion = 4EF92F49241513600012E282 /* videoList.xcdatamodel */;
			path = videoList.xcdatamodeld;
			sourceTree = "<group>";
			versionGroupType = wrapper.xcdatamodel;
		};
/* End XCVersionGroup section */
	};
	rootObject = 4E475CDD240D14420008DFF8 /* Project object */;
}
